
Microsoft Visual Studio Solution File, Format Version 12.00
# Visual Studio Version 17
VisualStudioVersion = 17.14.36603.0 d17.14
MinimumVisualStudioVersion = 10.0.40219.1
Project("{FAE04EC0-301F-11D3-BF4B-00C04F79EFBC}") = "TestProject", "TestProject\TestProject.csproj", "{991DD78A-BD59-45F6-9CA7-C968D60A3EA7}"
EndProject
Global
	GlobalSection(SolutionConfigurationPlatforms) = preSolution
		Debug|Any CPU = Debug|Any CPU
		Release|Any CPU = Release|Any CPU
	EndGlobalSection
	GlobalSection(ProjectConfigurationPlatforms) = postSolution
		{991DD78A-BD59-45F6-9CA7-C968D60A3EA7}.Debug|Any CPU.ActiveCfg = Debug|Any CPU
		{991DD78A-BD59-45F6-9CA7-C968D60A3EA7}.Debug|Any CPU.Build.0 = Debug|Any CPU
		{991DD78A-BD59-45F6-9CA7-C968D60A3EA7}.Release|Any CPU.ActiveCfg = Release|Any CPU
		{991DD78A-BD59-45F6-9CA7-C968D60A3EA7}.Release|Any CPU.Build.0 = Release|Any CPU
	EndGlobalSection
	GlobalSection(SolutionProperties) = preSolution
		HideSolutionNode = FALSE
	EndGlobalSection
	GlobalSection(ExtensibilityGlobals) = postSolution
		SolutionGuid = {2E2BCF80-0313-42B4-9E5B-6A83A5471050}
	EndGlobalSection
EndGlobal
